
Microsoft Visual Studio Solution File, Format Version 12.00
# Visual Studio Version 17
VisualStudioVersion = 17.9.34728.123
MinimumVisualStudioVersion = 10.0.40219.1
Project("{8BC9CEB8-8B4A-11D0-8D11-00A0C91BC942}") = "OSProject", "OSProject\OSProject.vcxproj", "{33032D79-7269-4F56-BDAD-42FDF784E11C}"
EndProject
Global
	GlobalSection(SolutionConfigurationPlatforms) = preSolution
		Debug|x64 = Debug|x64
		Debug|x86 = Debug|x86
		Release|x64 = Release|x64
		Release|x86 = Release|x86
	EndGlobalSection
	GlobalSection(ProjectConfigurationPlatforms) = postSolution
		{33032D79-7269-4F56-BDAD-42FDF784E11C}.Debug|x64.ActiveCfg = Debug|x64
		{33032D79-7269-4F56-BDAD-42FDF784E11C}.Debug|x64.Build.0 = Debug|x64
		{33032D79-7269-4F56-BDAD-42FDF784E11C}.Debug|x86.ActiveCfg = Debug|Win32
		{33032D79-7269-4F56-BDAD-42FDF784E11C}.Debug|x86.Build.0 = Debug|Win32
		{33032D79-7269-4F56-BDAD-42FDF784E11C}.Release|x64.ActiveCfg = Release|x64
		{33032D79-7269-4F56-BDAD-42FDF784E11C}.Release|x64.Build.0 = Release|x64
		{33032D79-7269-4F56-BDAD-42FDF784E11C}.Release|x86.ActiveCfg = Release|Win32
		{33032D79-7269-4F56-BDAD-42FDF784E11C}.Release|x86.Build.0 = Release|Win32
	EndGlobalSection
	GlobalSection(SolutionProperties) = preSolution
		HideSolutionNode = FALSE
	EndGlobalSection
	GlobalSection(ExtensibilityGlobals) = postSolution
		SolutionGuid = {D78E8403-37C7-4467-8661-F3EA7FB7CACC}
	EndGlobalSection
EndGlobal
